
Microsoft Visual Studio Solution File, Format Version 12.00
# Visual Studio 15
VisualStudioVersion = 15.0.28307.902
MinimumVisualStudioVersion = 10.0.40219.1
Project("{FAE04EC0-301F-11D3-BF4B-00C04F79EFBC}") = "WpfApp1", "WpfApp1\WpfApp1.csproj", "{551231FC-6B77-4918-B34F-E92341DB5D2D}"
EndProject
Global
	GlobalSection(SolutionConfigurationPlatforms) = preSolution
		Debug|Any CPU = Debug|Any CPU
		Release|Any CPU = Release|Any CPU
	EndGlobalSection
	GlobalSection(ProjectConfigurationPlatforms) = postSolution
		{551231FC-6B77-4918-B34F-E92341DB5D2D}.Debug|Any CPU.ActiveCfg = Debug|Any CPU
		{551231FC-6B77-4918-B34F-E92341DB5D2D}.Debug|Any CPU.Build.0 = Debug|Any CPU
		{551231FC-6B77-4918-B34F-E92341DB5D2D}.Release|Any CPU.ActiveCfg = Release|Any CPU
		{551231FC-6B77-4918-B34F-E92341DB5D2D}.Release|Any CPU.Build.0 = Release|Any CPU
	EndGlobalSection
	GlobalSection(SolutionProperties) = preSolution
		HideSolutionNode = FALSE
	EndGlobalSection
	GlobalSection(ExtensibilityGlobals) = postSolution
		SolutionGuid = {670C9D18-52B7-4D33-BF58-0F822737B8B2}
	EndGlobalSection
EndGlobal
